{
  "name": "nextjs-standalone-envvar-bug",
  "lockfileVersion": 2,
  "requires": true,
  "packages": {
    "": {
      "dependencies": {
        "next": "^13.1.7-canary.28",
        "react": "^18.2.0",
        "react-dom": "^18.2.0"
      },
      "devDependencies": {
        "@types/node": "^18.11.13",
        "@types/react": "^18.0.26",
        "typescript": "^4.9.4"
      }
    },
    "node_modules/@next/env": {
      "version": "13.1.7-canary.28",
      "resolved": "https://registry.npmjs.org/@next/env/-/env-13.1.7-canary.28.tgz",
      "integrity": "sha512-urnc6aGE0r34euoenPD6kSdGn+Tzwl+g+m4UaEeLpaPCF2110/rd1WIwR4izqG8hxG6GUBj0R+T0XfFgmyNydg=="
    },
    "node_modules/@next/swc-android-arm-eabi": {
      "version": "13.1.7-canary.28",
      "resolved": "https://registry.npmjs.org/@next/swc-android-arm-eabi/-/swc-android-arm-eabi-13.1.7-canary.28.tgz",
      "integrity": "sha512-6NfztI8OnbN5dhdIuLxKq6VgMittoEM7Z/RrhwZmaa5jL/qFgX2U0JupkXsP/NT5BAnVK2ZfQwcc7OkLoX6Lww==",
      "cpu": [
        "arm"
      ],
      "optional": true,
      "os": [
        "android"
      ],
      "engines": {
        "node": ">= 10"
      }
    },
    "node_modules/@next/swc-android-arm64": {
      "version": "13.1.7-canary.28",
      "resolved": "https://registry.npmjs.org/@next/swc-android-arm64/-/swc-android-arm64-13.1.7-canary.28.tgz",
      "integrity": "sha512-LfIt74SQsO2o5oKnS6P+9sFTnJUGW4osGEV3voGnqyKSQKNL/x0JrT9ebntEyf4qELc7UpNaguTdI3xgrAiXEQ==",
      "cpu": [
        "arm64"
      ],
      "optional": true,
      "os": [
        "android"
      ],
      "engines": {
        "node": ">= 10"
      }
    },
    "node_modules/@next/swc-darwin-arm64": {
      "version": "13.1.7-canary.28",
      "resolved": "https://registry.npmjs.org/@next/swc-darwin-arm64/-/swc-darwin-arm64-13.1.7-canary.28.tgz",
      "integrity": "sha512-BCwhRUHiamB/ktOusnS0re4W373o4HurQPvGM1k5YRekeHDWeawGGrEktCFJCjxNTMzu+VfFCxXJIMm/JhTUgg==",
      "cpu": [
        "arm64"
      ],
      "optional": true,
      "os": [
        "darwin"
      ],
      "engines": {
        "node": ">= 10"
      }
    },
    "node_modules/@next/swc-darwin-x64": {
      "version": "13.1.7-canary.28",
      "resolved": "https://registry.npmjs.org/@next/swc-darwin-x64/-/swc-darwin-x64-13.1.7-canary.28.tgz",
      "integrity": "sha512-girCRXjOgbJtuiP9V7IKSrFcYHFAcBldt5d4YPEbLtLuo1q56WHHPbGvYWWetaLbKmSvMxxUQDmEHkEcqWZgNA==",
      "cpu": [
        "x64"
      ],
      "optional": true,
      "os": [
        "darwin"
      ],
      "engines": {
        "node": ">= 10"
      }
    },
    "node_modules/@next/swc-freebsd-x64": {
      "version": "13.1.7-canary.28",
      "resolved": "https://registry.npmjs.org/@next/swc-freebsd-x64/-/swc-freebsd-x64-13.1.7-canary.28.tgz",
      "integrity": "sha512-JhH+Pgu5Vx3h0/P9IB+z0shpP2T08SGu29IQIWicAuliz684mrott3i7QiFuer3FzHCY8fxuJQNKD2/cn4sgoA==",
      "cpu": [
        "x64"
      ],
      "optional": true,
      "os": [
        "freebsd"
      ],
      "engines": {
        "node": ">= 10"
      }
    },
    "node_modules/@next/swc-linux-arm-gnueabihf": {
      "version": "13.1.7-canary.28",
      "resolved": "https://registry.npmjs.org/@next/swc-linux-arm-gnueabihf/-/swc-linux-arm-gnueabihf-13.1.7-canary.28.tgz",
      "integrity": "sha512-mFD8pdgb3iNjQ+4614h6ZJwqFj4sDms1mi9BZ3AZ+MZy5vqBgiq8KF933RoiIcZMoKRt5gziD0vX/pY7LyeLxA==",
      "cpu": [
        "arm"
      ],
      "optional": true,
      "os": [
        "linux"
      ],
      "engines": {
        "node": ">= 10"
      }
    },
    "node_modules/@next/swc-linux-arm64-gnu": {
      "version": "13.1.7-canary.28",
      "resolved": "https://registry.npmjs.org/@next/swc-linux-arm64-gnu/-/swc-linux-arm64-gnu-13.1.7-canary.28.tgz",
      "integrity": "sha512-2rB5eBfOBFlWWJd9pFG79d5mjz8370XwtXxkbIUqaukNVA8COYYMTrm0D5tiCGBvRgEZXpNHCMxQMif5e7AhSA==",
      "cpu": [
        "arm64"
      ],
      "optional": true,
      "os": [
        "linux"
      ],
      "engines": {
        "node": ">= 10"
      }
    },
    "node_modules/@next/swc-linux-arm64-musl": {
      "version": "13.1.7-canary.28",
      "resolved": "https://registry.npmjs.org/@next/swc-linux-arm64-musl/-/swc-linux-arm64-musl-13.1.7-canary.28.tgz",
      "integrity": "sha512-9qls07LNqiUgGMbFi861X9aMw7GNNJaWtUEl3NR1tncAftxCWKSwDV2Ju/a2+Ts2Mts6awpi8pBNDfZrVYNAKg==",
      "cpu": [
        "arm64"
      ],
      "optional": true,
      "os": [
        "linux"
      ],
      "engines": {
        "node": ">= 10"
      }
    },
    "node_modules/@next/swc-linux-x64-gnu": {
      "version": "13.1.7-canary.28",
      "resolved": "https://registry.npmjs.org/@next/swc-linux-x64-gnu/-/swc-linux-x64-gnu-13.1.7-canary.28.tgz",
      "integrity": "sha512-/HqW+OmTwJ28QpPCXGjgFsWYPJdpwGq5/vcTITQJaWIWRJN7dkpLraGZ8U0VQYOlbu25b0aKqHZ3r7Uf/TM7NQ==",
      "cpu": [
        "x64"
      ],
      "optional": true,
      "os": [
        "linux"
      ],
      "engines": {
        "node": ">= 10"
      }
    },
    "node_modules/@next/swc-linux-x64-musl": {
      "version": "13.1.7-canary.28",
      "resolved": "https://registry.npmjs.org/@next/swc-linux-x64-musl/-/swc-linux-x64-musl-13.1.7-canary.28.tgz",
      "integrity": "sha512-+wa7Q6OBHLumMghMVWXoxZPXibWm9cyJaF3eqjMg8W3HLkZbEciBp4ZihnjpQPNMLnUBtGLup3AabxbnwPyzVg==",
      "cpu": [
        "x64"
      ],
      "optional": true,
      "os": [
        "linux"
      ],
      "engines": {
        "node": ">= 10"
      }
    },
    "node_modules/@next/swc-win32-arm64-msvc": {
      "version": "13.1.7-canary.28",
      "resolved": "https://registry.npmjs.org/@next/swc-win32-arm64-msvc/-/swc-win32-arm64-msvc-13.1.7-canary.28.tgz",
      "integrity": "sha512-pmQnhZgUaulYnInujnVQ8tuLYapEPpWwPAoXoBgAcaMgSve7Wa2zvGv1EyMzDSeWnozDcIULkKff0KlQVPockA==",
      "cpu": [
        "arm64"
      ],
      "optional": true,
      "os": [
        "win32"
      ],
      "engines": {
        "node": ">= 10"
      }
    },
    "node_modules/@next/swc-win32-ia32-msvc": {
      "version": "13.1.7-canary.28",
      "resolved": "https://registry.npmjs.org/@next/swc-win32-ia32-msvc/-/swc-win32-ia32-msvc-13.1.7-canary.28.tgz",
      "integrity": "sha512-n2m67mHeJYQRZxZXyZaiLbISMesfLIEHwppvhjPwEGJeYu4rFqAa9Fd7zTpcoNn3uSZjYjGtoTRwjyqtn5caHg==",
      "cpu": [
        "ia32"
      ],
      "optional": true,
      "os": [
        "win32"
      ],
      "engines": {
        "node": ">= 10"
      }
    },
    "node_modules/@next/swc-win32-x64-msvc": {
      "version": "13.1.7-canary.28",
      "resolved": "https://registry.npmjs.org/@next/swc-win32-x64-msvc/-/swc-win32-x64-msvc-13.1.7-canary.28.tgz",
      "integrity": "sha512-sGfbSG1wwzp4v2KRSTIfGtYMY4qJOoS59JzfWBNbLIvsfi3o2/W+41eNBfvlubGlp4CNX9+JBvDNu3qaeFI6AA==",
      "cpu": [
        "x64"
      ],
      "optional": true,
      "os": [
        "win32"
      ],
      "engines": {
        "node": ">= 10"
      }
    },
    "node_modules/@swc/helpers": {
      "version": "0.4.14",
      "resolved": "https://registry.npmjs.org/@swc/helpers/-/helpers-0.4.14.tgz",
      "integrity": "sha512-4C7nX/dvpzB7za4Ql9K81xK3HPxCpHMgwTZVyf+9JQ6VUbn9jjZVN7/Nkdz/Ugzs2CSjqnL/UPXroiVBVHUWUw==",
      "dependencies": {
        "tslib": "^2.4.0"
      }
    },
    "node_modules/@types/node": {
      "version": "18.14.0",
      "resolved": "https://registry.npmjs.org/@types/node/-/node-18.14.0.tgz",
      "integrity": "sha512-5EWrvLmglK+imbCJY0+INViFWUHg1AHel1sq4ZVSfdcNqGy9Edv3UB9IIzzg+xPaUcAgZYcfVs2fBcwDeZzU0A==",
      "dev": true
    },
    "node_modules/@types/prop-types": {
      "version": "15.7.5",
      "resolved": "https://registry.npmjs.org/@types/prop-types/-/prop-types-15.7.5.tgz",
      "integrity": "sha512-JCB8C6SnDoQf0cNycqd/35A7MjcnK+ZTqE7judS6o7utxUCg6imJg3QK2qzHKszlTjcj2cn+NwMB2i96ubpj7w==",
      "dev": true
    },
    "node_modules/@types/react": {
      "version": "18.0.28",
      "resolved": "https://registry.npmjs.org/@types/react/-/react-18.0.28.tgz",
      "integrity": "sha512-RD0ivG1kEztNBdoAK7lekI9M+azSnitIn85h4iOiaLjaTrMjzslhaqCGaI4IyCJ1RljWiLCEu4jyrLLgqxBTew==",
      "dev": true,
      "dependencies": {
        "@types/prop-types": "*",
        "@types/scheduler": "*",
        "csstype": "^3.0.2"
      }
    },
    "node_modules/@types/scheduler": {
      "version": "0.16.2",
      "resolved": "https://registry.npmjs.org/@types/scheduler/-/scheduler-0.16.2.tgz",
      "integrity": "sha512-hppQEBDmlwhFAXKJX2KnWLYu5yMfi91yazPb2l+lbJiwW+wdo1gNeRA+3RgNSO39WYX2euey41KEwnqesU2Jew==",
      "dev": true
    },
    "node_modules/caniuse-lite": {
      "version": "1.0.30001457",
      "resolved": "https://registry.npmjs.org/caniuse-lite/-/caniuse-lite-1.0.30001457.tgz",
      "integrity": "sha512-SDIV6bgE1aVbK6XyxdURbUE89zY7+k1BBBaOwYwkNCglXlel/E7mELiHC64HQ+W0xSKlqWhV9Wh7iHxUjMs4fA==",
      "funding": [
        {
          "type": "opencollective",
          "url": "https://opencollective.com/browserslist"
        },
        {
          "type": "tidelift",
          "url": "https://tidelift.com/funding/github/npm/caniuse-lite"
        }
      ]
    },
    "node_modules/client-only": {
      "version": "0.0.1",
      "resolved": "https://registry.npmjs.org/client-only/-/client-only-0.0.1.tgz",
      "integrity": "sha512-IV3Ou0jSMzZrd3pZ48nLkT9DA7Ag1pnPzaiQhpW7c3RbcqqzvzzVu+L8gfqMp/8IM2MQtSiqaCxrrcfu8I8rMA=="
    },
    "node_modules/csstype": {
      "version": "3.1.1",
      "resolved": "https://registry.npmjs.org/csstype/-/csstype-3.1.1.tgz",
      "integrity": "sha512-DJR/VvkAvSZW9bTouZue2sSxDwdTN92uHjqeKVm+0dAqdfNykRzQ95tay8aXMBAAPpUiq4Qcug2L7neoRh2Egw==",
      "dev": true
    },
    "node_modules/js-tokens": {
      "version": "4.0.0",
      "resolved": "https://registry.npmjs.org/js-tokens/-/js-tokens-4.0.0.tgz",
      "integrity": "sha512-RdJUflcE3cUzKiMqQgsCu06FPu9UdIJO0beYbPhHN4k6apgJtifcoCtT9bcxOpYBtpD2kCM6Sbzg4CausW/PKQ=="
    },
    "node_modules/loose-envify": {
      "version": "1.4.0",
      "resolved": "https://registry.npmjs.org/loose-envify/-/loose-envify-1.4.0.tgz",
      "integrity": "sha512-lyuxPGr/Wfhrlem2CL/UcnUc1zcqKAImBDzukY7Y5F/yQiNdko6+fRLevlw1HgMySw7f611UIY408EtxRSoK3Q==",
      "dependencies": {
        "js-tokens": "^3.0.0 || ^4.0.0"
      },
      "bin": {
        "loose-envify": "cli.js"
      }
    },
    "node_modules/nanoid": {
      "version": "3.3.4",
      "resolved": "https://registry.npmjs.org/nanoid/-/nanoid-3.3.4.tgz",
      "integrity": "sha512-MqBkQh/OHTS2egovRtLk45wEyNXwF+cokD+1YPf9u5VfJiRdAiRwB2froX5Co9Rh20xs4siNPm8naNotSD6RBw==",
      "bin": {
        "nanoid": "bin/nanoid.cjs"
      },
      "engines": {
        "node": "^10 || ^12 || ^13.7 || ^14 || >=15.0.1"
      }
    },
    "node_modules/next": {
      "version": "13.1.7-canary.28",
      "resolved": "https://registry.npmjs.org/next/-/next-13.1.7-canary.28.tgz",
      "integrity": "sha512-z8CrJmzkNVb7+DN9r8vbjnEbY15GS1xEoVPwROJk+A8VYvbLzDKy5bPAHD8Llbzl51UQ4LUiGHWW+hQ8yVlxuw==",
      "dependencies": {
        "@next/env": "13.1.7-canary.28",
        "@swc/helpers": "0.4.14",
        "caniuse-lite": "^1.0.30001406",
        "postcss": "8.4.14",
        "styled-jsx": "5.1.1"
      },
      "bin": {
        "next": "dist/bin/next"
      },
      "engines": {
        "node": ">=14.6.0"
      },
      "optionalDependencies": {
        "@next/swc-android-arm-eabi": "13.1.7-canary.28",
        "@next/swc-android-arm64": "13.1.7-canary.28",
        "@next/swc-darwin-arm64": "13.1.7-canary.28",
        "@next/swc-darwin-x64": "13.1.7-canary.28",
        "@next/swc-freebsd-x64": "13.1.7-canary.28",
        "@next/swc-linux-arm-gnueabihf": "13.1.7-canary.28",
        "@next/swc-linux-arm64-gnu": "13.1.7-canary.28",
        "@next/swc-linux-arm64-musl": "13.1.7-canary.28",
        "@next/swc-linux-x64-gnu": "13.1.7-canary.28",
        "@next/swc-linux-x64-musl": "13.1.7-canary.28",
        "@next/swc-win32-arm64-msvc": "13.1.7-canary.28",
        "@next/swc-win32-ia32-msvc": "13.1.7-canary.28",
        "@next/swc-win32-x64-msvc": "13.1.7-canary.28"
      },
      "peerDependencies": {
        "@opentelemetry/api": "^1.4.0",
        "fibers": ">= 3.1.0",
        "node-sass": "^6.0.0 || ^7.0.0",
        "react": "^18.2.0",
        "react-dom": "^18.2.0",
        "sass": "^1.3.0"
      },
      "peerDependenciesMeta": {
        "@opentelemetry/api": {
          "optional": true
        },
        "fibers": {
          "optional": true
        },
        "node-sass": {
          "optional": true
        },
        "sass": {
          "optional": true
        }
      }
    },
    "node_modules/picocolors": {
      "version": "1.0.0",
      "resolved": "https://registry.npmjs.org/picocolors/-/picocolors-1.0.0.tgz",
      "integrity": "sha512-1fygroTLlHu66zi26VoTDv8yRgm0Fccecssto+MhsZ0D/DGW2sm8E8AjW7NU5VVTRt5GxbeZ5qBuJr+HyLYkjQ=="
    },
    "node_modules/postcss": {
      "version": "8.4.14",
      "resolved": "https://registry.npmjs.org/postcss/-/postcss-8.4.14.tgz",
      "integrity": "sha512-E398TUmfAYFPBSdzgeieK2Y1+1cpdxJx8yXbK/m57nRhKSmk1GB2tO4lbLBtlkfPQTDKfe4Xqv1ASWPpayPEig==",
      "funding": [
        {
          "type": "opencollective",
          "url": "https://opencollective.com/postcss/"
        },
        {
          "type": "tidelift",
          "url": "https://tidelift.com/funding/github/npm/postcss"
        }
      ],
      "dependencies": {
        "nanoid": "^3.3.4",
        "picocolors": "^1.0.0",
        "source-map-js": "^1.0.2"
      },
      "engines": {
        "node": "^10 || ^12 || >=14"
      }
    },
    "node_modules/react": {
      "version": "18.2.0",
      "resolved": "https://registry.npmjs.org/react/-/react-18.2.0.tgz",
      "integrity": "sha512-/3IjMdb2L9QbBdWiW5e3P2/npwMBaU9mHCSCUzNln0ZCYbcfTsGbTJrU/kGemdH2IWmB2ioZ+zkxtmq6g09fGQ==",
      "dependencies": {
        "loose-envify": "^1.1.0"
      },
      "engines": {
        "node": ">=0.10.0"
      }
    },
    "node_modules/react-dom": {
      "version": "18.2.0",
      "resolved": "https://registry.npmjs.org/react-dom/-/react-dom-18.2.0.tgz",
      "integrity": "sha512-6IMTriUmvsjHUjNtEDudZfuDQUoWXVxKHhlEGSk81n4YFS+r/Kl99wXiwlVXtPBtJenozv2P+hxDsw9eA7Xo6g==",
      "dependencies": {
        "loose-envify": "^1.1.0",
        "scheduler": "^0.23.0"
      },
      "peerDependencies": {
        "react": "^18.2.0"
      }
    },
    "node_modules/scheduler": {
      "version": "0.23.0",
      "resolved": "https://registry.npmjs.org/scheduler/-/scheduler-0.23.0.tgz",
      "integrity": "sha512-CtuThmgHNg7zIZWAXi3AsyIzA3n4xx7aNyjwC2VJldO2LMVDhFK+63xGqq6CsJH4rTAt6/M+N4GhZiDYPx9eUw==",
      "dependencies": {
        "loose-envify": "^1.1.0"
      }
    },
    "node_modules/source-map-js": {
      "version": "1.0.2",
      "resolved": "https://registry.npmjs.org/source-map-js/-/source-map-js-1.0.2.tgz",
      "integrity": "sha512-R0XvVJ9WusLiqTCEiGCmICCMplcCkIwwR11mOSD9CR5u+IXYdiseeEuXCVAjS54zqwkLcPNnmU4OeJ6tUrWhDw==",
      "engines": {
        "node": ">=0.10.0"
      }
    },
    "node_modules/styled-jsx": {
      "version": "5.1.1",
      "resolved": "https://registry.npmjs.org/styled-jsx/-/styled-jsx-5.1.1.tgz",
      "integrity": "sha512-pW7uC1l4mBZ8ugbiZrcIsiIvVx1UmTfw7UkC3Um2tmfUq9Bhk8IiyEIPl6F8agHgjzku6j0xQEZbfA5uSgSaCw==",
      "dependencies": {
        "client-only": "0.0.1"
      },
      "engines": {
        "node": ">= 12.0.0"
      },
      "peerDependencies": {
        "react": ">= 16.8.0 || 17.x.x || ^18.0.0-0"
      },
      "peerDependenciesMeta": {
        "@babel/core": {
          "optional": true
        },
        "babel-plugin-macros": {
          "optional": true
        }
      }
    },
    "node_modules/tslib": {
      "version": "2.5.0",
      "resolved": "https://registry.npmjs.org/tslib/-/tslib-2.5.0.tgz",
      "integrity": "sha512-336iVw3rtn2BUK7ORdIAHTyxHGRIHVReokCR3XjbckJMK7ms8FysBfhLR8IXnAgy7T0PTPNBWKiH514FOW/WSg=="
    },
    "node_modules/typescript": {
      "version": "4.9.5",
      "resolved": "https://registry.npmjs.org/typescript/-/typescript-4.9.5.tgz",
      "integrity": "sha512-1FXk9E2Hm+QzZQ7z+McJiHL4NW1F2EzMu9Nq9i3zAaGqibafqYwCVU6WyWAuyQRRzOlxou8xZSyXLEN8oKj24g==",
      "dev": true,
      "bin": {
        "tsc": "bin/tsc",
        "tsserver": "bin/tsserver"
      },
      "engines": {
        "node": ">=4.2.0"
      }
    }
  },
  "dependencies": {
    "@next/env": {
      "version": "13.1.7-canary.28",
      "resolved": "https://registry.npmjs.org/@next/env/-/env-13.1.7-canary.28.tgz",
      "integrity": "sha512-urnc6aGE0r34euoenPD6kSdGn+Tzwl+g+m4UaEeLpaPCF2110/rd1WIwR4izqG8hxG6GUBj0R+T0XfFgmyNydg=="
    },
    "@next/swc-android-arm-eabi": {
      "version": "13.1.7-canary.28",
      "resolved": "https://registry.npmjs.org/@next/swc-android-arm-eabi/-/swc-android-arm-eabi-13.1.7-canary.28.tgz",
      "integrity": "sha512-6NfztI8OnbN5dhdIuLxKq6VgMittoEM7Z/RrhwZmaa5jL/qFgX2U0JupkXsP/NT5BAnVK2ZfQwcc7OkLoX6Lww==",
      "optional": true
    },
    "@next/swc-android-arm64": {
      "version": "13.1.7-canary.28",
      "resolved": "https://registry.npmjs.org/@next/swc-android-arm64/-/swc-android-arm64-13.1.7-canary.28.tgz",
      "integrity": "sha512-LfIt74SQsO2o5oKnS6P+9sFTnJUGW4osGEV3voGnqyKSQKNL/x0JrT9ebntEyf4qELc7UpNaguTdI3xgrAiXEQ==",
      "optional": true
    },
    "@next/swc-darwin-arm64": {
      "version": "13.1.7-canary.28",
      "resolved": "https://registry.npmjs.org/@next/swc-darwin-arm64/-/swc-darwin-arm64-13.1.7-canary.28.tgz",
      "integrity": "sha512-BCwhRUHiamB/ktOusnS0re4W373o4HurQPvGM1k5YRekeHDWeawGGrEktCFJCjxNTMzu+VfFCxXJIMm/JhTUgg==",
      "optional": true
    },
    "@next/swc-darwin-x64": {
      "version": "13.1.7-canary.28",
      "resolved": "https://registry.npmjs.org/@next/swc-darwin-x64/-/swc-darwin-x64-13.1.7-canary.28.tgz",
      "integrity": "sha512-girCRXjOgbJtuiP9V7IKSrFcYHFAcBldt5d4YPEbLtLuo1q56WHHPbGvYWWetaLbKmSvMxxUQDmEHkEcqWZgNA==",
      "optional": true
    },
    "@next/swc-freebsd-x64": {
      "version": "13.1.7-canary.28",
      "resolved": "https://registry.npmjs.org/@next/swc-freebsd-x64/-/swc-freebsd-x64-13.1.7-canary.28.tgz",
      "integrity": "sha512-JhH+Pgu5Vx3h0/P9IB+z0shpP2T08SGu29IQIWicAuliz684mrott3i7QiFuer3FzHCY8fxuJQNKD2/cn4sgoA==",
      "optional": true
    },
    "@next/swc-linux-arm-gnueabihf": {
      "version": "13.1.7-canary.28",
      "resolved": "https://registry.npmjs.org/@next/swc-linux-arm-gnueabihf/-/swc-linux-arm-gnueabihf-13.1.7-canary.28.tgz",
      "integrity": "sha512-mFD8pdgb3iNjQ+4614h6ZJwqFj4sDms1mi9BZ3AZ+MZy5vqBgiq8KF933RoiIcZMoKRt5gziD0vX/pY7LyeLxA==",
      "optional": true
    },
    "@next/swc-linux-arm64-gnu": {
      "version": "13.1.7-canary.28",
      "resolved": "https://registry.npmjs.org/@next/swc-linux-arm64-gnu/-/swc-linux-arm64-gnu-13.1.7-canary.28.tgz",
      "integrity": "sha512-2rB5eBfOBFlWWJd9pFG79d5mjz8370XwtXxkbIUqaukNVA8COYYMTrm0D5tiCGBvRgEZXpNHCMxQMif5e7AhSA==",
      "optional": true
    },
    "@next/swc-linux-arm64-musl": {
      "version": "13.1.7-canary.28",
      "resolved": "https://registry.npmjs.org/@next/swc-linux-arm64-musl/-/swc-linux-arm64-musl-13.1.7-canary.28.tgz",
      "integrity": "sha512-9qls07LNqiUgGMbFi861X9aMw7GNNJaWtUEl3NR1tncAftxCWKSwDV2Ju/a2+Ts2Mts6awpi8pBNDfZrVYNAKg==",
      "optional": true
    },
    "@next/swc-linux-x64-gnu": {
      "version": "13.1.7-canary.28",
      "resolved": "https://registry.npmjs.org/@next/swc-linux-x64-gnu/-/swc-linux-x64-gnu-13.1.7-canary.28.tgz",
      "integrity": "sha512-/HqW+OmTwJ28QpPCXGjgFsWYPJdpwGq5/vcTITQJaWIWRJN7dkpLraGZ8U0VQYOlbu25b0aKqHZ3r7Uf/TM7NQ==",
      "optional": true
    },
    "@next/swc-linux-x64-musl": {
      "version": "13.1.7-canary.28",
      "resolved": "https://registry.npmjs.org/@next/swc-linux-x64-musl/-/swc-linux-x64-musl-13.1.7-canary.28.tgz",
      "integrity": "sha512-+wa7Q6OBHLumMghMVWXoxZPXibWm9cyJaF3eqjMg8W3HLkZbEciBp4ZihnjpQPNMLnUBtGLup3AabxbnwPyzVg==",
      "optional": true
    },
    "@next/swc-win32-arm64-msvc": {
      "version": "13.1.7-canary.28",
      "resolved": "https://registry.npmjs.org/@next/swc-win32-arm64-msvc/-/swc-win32-arm64-msvc-13.1.7-canary.28.tgz",
      "integrity": "sha512-pmQnhZgUaulYnInujnVQ8tuLYapEPpWwPAoXoBgAcaMgSve7Wa2zvGv1EyMzDSeWnozDcIULkKff0KlQVPockA==",
      "optional": true
    },
    "@next/swc-win32-ia32-msvc": {
      "version": "13.1.7-canary.28",
      "resolved": "https://registry.npmjs.org/@next/swc-win32-ia32-msvc/-/swc-win32-ia32-msvc-13.1.7-canary.28.tgz",
      "integrity": "sha512-n2m67mHeJYQRZxZXyZaiLbISMesfLIEHwppvhjPwEGJeYu4rFqAa9Fd7zTpcoNn3uSZjYjGtoTRwjyqtn5caHg==",
      "optional": true
    },
    "@next/swc-win32-x64-msvc": {
      "version": "13.1.7-canary.28",
      "resolved": "https://registry.npmjs.org/@next/swc-win32-x64-msvc/-/swc-win32-x64-msvc-13.1.7-canary.28.tgz",
      "integrity": "sha512-sGfbSG1wwzp4v2KRSTIfGtYMY4qJOoS59JzfWBNbLIvsfi3o2/W+41eNBfvlubGlp4CNX9+JBvDNu3qaeFI6AA==",
      "optional": true
    },
    "@swc/helpers": {
      "version": "0.4.14",
      "resolved": "https://registry.npmjs.org/@swc/helpers/-/helpers-0.4.14.tgz",
      "integrity": "sha512-4C7nX/dvpzB7za4Ql9K81xK3HPxCpHMgwTZVyf+9JQ6VUbn9jjZVN7/Nkdz/Ugzs2CSjqnL/UPXroiVBVHUWUw==",
      "requires": {
        "tslib": "^2.4.0"
      }
    },
    "@types/node": {
      "version": "18.14.0",
      "resolved": "https://registry.npmjs.org/@types/node/-/node-18.14.0.tgz",
      "integrity": "sha512-5EWrvLmglK+imbCJY0+INViFWUHg1AHel1sq4ZVSfdcNqGy9Edv3UB9IIzzg+xPaUcAgZYcfVs2fBcwDeZzU0A==",
      "dev": true
    },
    "@types/prop-types": {
      "version": "15.7.5",
      "resolved": "https://registry.npmjs.org/@types/prop-types/-/prop-types-15.7.5.tgz",
      "integrity": "sha512-JCB8C6SnDoQf0cNycqd/35A7MjcnK+ZTqE7judS6o7utxUCg6imJg3QK2qzHKszlTjcj2cn+NwMB2i96ubpj7w==",
      "dev": true
    },
    "@types/react": {
      "version": "18.0.28",
      "resolved": "https://registry.npmjs.org/@types/react/-/react-18.0.28.tgz",
      "integrity": "sha512-RD0ivG1kEztNBdoAK7lekI9M+azSnitIn85h4iOiaLjaTrMjzslhaqCGaI4IyCJ1RljWiLCEu4jyrLLgqxBTew==",
      "dev": true,
      "requires": {
        "@types/prop-types": "*",
        "@types/scheduler": "*",
        "csstype": "^3.0.2"
      }
    },
    "@types/scheduler": {
      "version": "0.16.2",
      "resolved": "https://registry.npmjs.org/@types/scheduler/-/scheduler-0.16.2.tgz",
      "integrity": "sha512-hppQEBDmlwhFAXKJX2KnWLYu5yMfi91yazPb2l+lbJiwW+wdo1gNeRA+3RgNSO39WYX2euey41KEwnqesU2Jew==",
      "dev": true
    },
    "caniuse-lite": {
      "version": "1.0.30001457",
      "resolved": "https://registry.npmjs.org/caniuse-lite/-/caniuse-lite-1.0.30001457.tgz",
      "integrity": "sha512-SDIV6bgE1aVbK6XyxdURbUE89zY7+k1BBBaOwYwkNCglXlel/E7mELiHC64HQ+W0xSKlqWhV9Wh7iHxUjMs4fA=="
    },
    "client-only": {
      "version": "0.0.1",
      "resolved": "https://registry.npmjs.org/client-only/-/client-only-0.0.1.tgz",
      "integrity": "sha512-IV3Ou0jSMzZrd3pZ48nLkT9DA7Ag1pnPzaiQhpW7c3RbcqqzvzzVu+L8gfqMp/8IM2MQtSiqaCxrrcfu8I8rMA=="
    },
    "csstype": {
      "version": "3.1.1",
      "resolved": "https://registry.npmjs.org/csstype/-/csstype-3.1.1.tgz",
      "integrity": "sha512-DJR/VvkAvSZW9bTouZue2sSxDwdTN92uHjqeKVm+0dAqdfNykRzQ95tay8aXMBAAPpUiq4Qcug2L7neoRh2Egw==",
      "dev": true
    },
    "js-tokens": {
      "version": "4.0.0",
      "resolved": "https://registry.npmjs.org/js-tokens/-/js-tokens-4.0.0.tgz",
      "integrity": "sha512-RdJUflcE3cUzKiMqQgsCu06FPu9UdIJO0beYbPhHN4k6apgJtifcoCtT9bcxOpYBtpD2kCM6Sbzg4CausW/PKQ=="
    },
    "loose-envify": {
      "version": "1.4.0",
      "resolved": "https://registry.npmjs.org/loose-envify/-/loose-envify-1.4.0.tgz",
      "integrity": "sha512-lyuxPGr/Wfhrlem2CL/UcnUc1zcqKAImBDzukY7Y5F/yQiNdko6+fRLevlw1HgMySw7f611UIY408EtxRSoK3Q==",
      "requires": {
        "js-tokens": "^3.0.0 || ^4.0.0"
      }
    },
    "nanoid": {
      "version": "3.3.4",
      "resolved": "https://registry.npmjs.org/nanoid/-/nanoid-3.3.4.tgz",
      "integrity": "sha512-MqBkQh/OHTS2egovRtLk45wEyNXwF+cokD+1YPf9u5VfJiRdAiRwB2froX5Co9Rh20xs4siNPm8naNotSD6RBw=="
    },
    "next": {
      "version": "13.1.7-canary.28",
      "resolved": "https://registry.npmjs.org/next/-/next-13.1.7-canary.28.tgz",
      "integrity": "sha512-z8CrJmzkNVb7+DN9r8vbjnEbY15GS1xEoVPwROJk+A8VYvbLzDKy5bPAHD8Llbzl51UQ4LUiGHWW+hQ8yVlxuw==",
      "requires": {
        "@next/env": "13.1.7-canary.28",
        "@next/swc-android-arm-eabi": "13.1.7-canary.28",
        "@next/swc-android-arm64": "13.1.7-canary.28",
        "@next/swc-darwin-arm64": "13.1.7-canary.28",
        "@next/swc-darwin-x64": "13.1.7-canary.28",
        "@next/swc-freebsd-x64": "13.1.7-canary.28",
        "@next/swc-linux-arm-gnueabihf": "13.1.7-canary.28",
        "@next/swc-linux-arm64-gnu": "13.1.7-canary.28",
        "@next/swc-linux-arm64-musl": "13.1.7-canary.28",
        "@next/swc-linux-x64-gnu": "13.1.7-canary.28",
        "@next/swc-linux-x64-musl": "13.1.7-canary.28",
        "@next/swc-win32-arm64-msvc": "13.1.7-canary.28",
        "@next/swc-win32-ia32-msvc": "13.1.7-canary.28",
        "@next/swc-win32-x64-msvc": "13.1.7-canary.28",
        "@swc/helpers": "0.4.14",
        "caniuse-lite": "^1.0.30001406",
        "postcss": "8.4.14",
        "styled-jsx": "5.1.1"
      }
    },
    "picocolors": {
      "version": "1.0.0",
      "resolved": "https://registry.npmjs.org/picocolors/-/picocolors-1.0.0.tgz",
      "integrity": "sha512-1fygroTLlHu66zi26VoTDv8yRgm0Fccecssto+MhsZ0D/DGW2sm8E8AjW7NU5VVTRt5GxbeZ5qBuJr+HyLYkjQ=="
    },
    "postcss": {
      "version": "8.4.14",
      "resolved": "https://registry.npmjs.org/postcss/-/postcss-8.4.14.tgz",
      "integrity": "sha512-E398TUmfAYFPBSdzgeieK2Y1+1cpdxJx8yXbK/m57nRhKSmk1GB2tO4lbLBtlkfPQTDKfe4Xqv1ASWPpayPEig==",
      "requires": {
        "nanoid": "^3.3.4",
        "picocolors": "^1.0.0",
        "source-map-js": "^1.0.2"
      }
    },
    "react": {
      "version": "18.2.0",
      "resolved": "https://registry.npmjs.org/react/-/react-18.2.0.tgz",
      "integrity": "sha512-/3IjMdb2L9QbBdWiW5e3P2/npwMBaU9mHCSCUzNln0ZCYbcfTsGbTJrU/kGemdH2IWmB2ioZ+zkxtmq6g09fGQ==",
      "requires": {
        "loose-envify": "^1.1.0"
      }
    },
    "react-dom": {
      "version": "18.2.0",
      "resolved": "https://registry.npmjs.org/react-dom/-/react-dom-18.2.0.tgz",
      "integrity": "sha512-6IMTriUmvsjHUjNtEDudZfuDQUoWXVxKHhlEGSk81n4YFS+r/Kl99wXiwlVXtPBtJenozv2P+hxDsw9eA7Xo6g==",
      "requires": {
        "loose-envify": "^1.1.0",
        "scheduler": "^0.23.0"
      }
    },
    "scheduler": {
      "version": "0.23.0",
      "resolved": "https://registry.npmjs.org/scheduler/-/scheduler-0.23.0.tgz",
      "integrity": "sha512-CtuThmgHNg7zIZWAXi3AsyIzA3n4xx7aNyjwC2VJldO2LMVDhFK+63xGqq6CsJH4rTAt6/M+N4GhZiDYPx9eUw==",
      "requires": {
        "loose-envify": "^1.1.0"
      }
    },
    "source-map-js": {
      "version": "1.0.2",
      "resolved": "https://registry.npmjs.org/source-map-js/-/source-map-js-1.0.2.tgz",
      "integrity": "sha512-R0XvVJ9WusLiqTCEiGCmICCMplcCkIwwR11mOSD9CR5u+IXYdiseeEuXCVAjS54zqwkLcPNnmU4OeJ6tUrWhDw=="
    },
    "styled-jsx": {
      "version": "5.1.1",
      "resolved": "https://registry.npmjs.org/styled-jsx/-/styled-jsx-5.1.1.tgz",
      "integrity": "sha512-pW7uC1l4mBZ8ugbiZrcIsiIvVx1UmTfw7UkC3Um2tmfUq9Bhk8IiyEIPl6F8agHgjzku6j0xQEZbfA5uSgSaCw==",
      "requires": {
        "client-only": "0.0.1"
      }
    },
    "tslib": {
      "version": "2.5.0",
      "resolved": "https://registry.npmjs.org/tslib/-/tslib-2.5.0.tgz",
      "integrity": "sha512-336iVw3rtn2BUK7ORdIAHTyxHGRIHVReokCR3XjbckJMK7ms8FysBfhLR8IXnAgy7T0PTPNBWKiH514FOW/WSg=="
    },
    "typescript": {
      "version": "4.9.5",
      "resolved": "https://registry.npmjs.org/typescript/-/typescript-4.9.5.tgz",
      "integrity": "sha512-1FXk9E2Hm+QzZQ7z+McJiHL4NW1F2EzMu9Nq9i3zAaGqibafqYwCVU6WyWAuyQRRzOlxou8xZSyXLEN8oKj24g==",
      "dev": true
    }
  }
}
